
Microsoft Visual Studio Solution File, Format Version 12.00
# Visual Studio Version 16
VisualStudioVersion = 16.0.30804.86
MinimumVisualStudioVersion = 10.0.40219.1
Project("{9A19103F-16F7-4668-BE54-9A1E7A4F7556}") = "leave-management", "leave-management\leave-management.csproj", "{0CC25599-97C3-4F2C-87C8-C604D103109A}"
EndProject
Global
	GlobalSection(SolutionConfigurationPlatforms) = preSolution
		Debug|Any CPU = Debug|Any CPU
		Release|Any CPU = Release|Any CPU
	EndGlobalSection
	GlobalSection(ProjectConfigurationPlatforms) = postSolution
		{0CC25599-97C3-4F2C-87C8-C604D103109A}.Debug|Any CPU.ActiveCfg = Debug|Any CPU
		{0CC25599-97C3-4F2C-87C8-C604D103109A}.Debug|Any CPU.Build.0 = Debug|Any CPU
		{0CC25599-97C3-4F2C-87C8-C604D103109A}.Release|Any CPU.ActiveCfg = Release|Any CPU
		{0CC25599-97C3-4F2C-87C8-C604D103109A}.Release|Any CPU.Build.0 = Release|Any CPU
	EndGlobalSection
	GlobalSection(SolutionProperties) = preSolution
		HideSolutionNode = FALSE
	EndGlobalSection
	GlobalSection(ExtensibilityGlobals) = postSolution
		SolutionGuid = {59B56EB0-177F-4443-BAF4-7F4EA5422BDF}
	EndGlobalSection
EndGlobal
